// !$*UTF8*$!
{
	archiveVersion = 1;
	classes = {
	};
	objectVersion = 56;
	objects = {

/* Begin PBXBuildFile section */
		852445482A42F971001A10CF /* MovieDetailsView.swift in Sources */ = {isa = PBXBuildFile; fileRef = 852445472A42F971001A10CF /* MovieDetailsView.swift */; };
		8524454A2A42FAF3001A10CF /* MovieSummaryListItem.swift in Sources */ = {isa = PBXBuildFile; fileRef = 852445492A42FAF3001A10CF /* MovieSummaryListItem.swift */; };
		852445532A433B02001A10CF /* Kingfisher in Frameworks */ = {isa = PBXBuildFile; productRef = 852445522A433B02001A10CF /* Kingfisher */; };
		852445562A43C58A001A10CF /* MovieDetailsViewModel.swift in Sources */ = {isa = PBXBuildFile; fileRef = 852445552A43C58A001A10CF /* MovieDetailsViewModel.swift */; };
		855A09F72A444C4A00C38B9F /* MoviesServiceMock.swift in Sources */ = {isa = PBXBuildFile; fileRef = 855A09F62A444C4A00C38B9F /* MoviesServiceMock.swift */; };
		855A09F92A4458A800C38B9F /* TestData.swift in Sources */ = {isa = PBXBuildFile; fileRef = 855A09F82A4458A800C38B9F /* TestData.swift */; };
		85CB7DDB2A42A94900B35A4A /* moviesApp.swift in Sources */ = {isa = PBXBuildFile; fileRef = 85CB7DDA2A42A94900B35A4A /* moviesApp.swift */; };
		85CB7DDD2A42A94900B35A4A /* MoviesListView.swift in Sources */ = {isa = PBXBuildFile; fileRef = 85CB7DDC2A42A94900B35A4A /* MoviesListView.swift */; };
		85CB7DDF2A42A94A00B35A4A /* Assets.xcassets in Resources */ = {isa = PBXBuildFile; fileRef = 85CB7DDE2A42A94A00B35A4A /* Assets.xcassets */; };
		85CB7DE22A42A94A00B35A4A /* Preview Assets.xcassets in Resources */ = {isa = PBXBuildFile; fileRef = 85CB7DE12A42A94A00B35A4A /* Preview Assets.xcassets */; };
		85CB7DEC2A42A94A00B35A4A /* MoviesListViewModelTests.swift in Sources */ = {isa = PBXBuildFile; fileRef = 85CB7DEB2A42A94A00B35A4A /* MoviesListViewModelTests.swift */; };
		85CB7DF62A42A94A00B35A4A /* moviesUITests.swift in Sources */ = {isa = PBXBuildFile; fileRef = 85CB7DF52A42A94A00B35A4A /* moviesUITests.swift */; };
		85CB7DF82A42A94A00B35A4A /* moviesUITestsLaunchTests.swift in Sources */ = {isa = PBXBuildFile; fileRef = 85CB7DF72A42A94A00B35A4A /* moviesUITestsLaunchTests.swift */; };
		85CB7E072A42AAED00B35A4A /* Resolver.swift in Sources */ = {isa = PBXBuildFile; fileRef = 85CB7E062A42AAED00B35A4A /* Resolver.swift */; };
		85CB7E092A42AB0600B35A4A /* Inject.swift in Sources */ = {isa = PBXBuildFile; fileRef = 85CB7E082A42AB0600B35A4A /* Inject.swift */; };
		85CB7E0D2A42AC5400B35A4A /* MoviesListViewModel.swift in Sources */ = {isa = PBXBuildFile; fileRef = 85CB7E0C2A42AC5400B35A4A /* MoviesListViewModel.swift */; };
		85CB7E112A42AD0B00B35A4A /* RswiftLibrary in Frameworks */ = {isa = PBXBuildFile; productRef = 85CB7E102A42AD0B00B35A4A /* RswiftLibrary */; };
		85CB7E152A42AD5100B35A4A /* MoviesListView.strings in Resources */ = {isa = PBXBuildFile; fileRef = 85CB7E142A42AD5100B35A4A /* MoviesListView.strings */; };
		85CB7E192A42AED800B35A4A /* Quick in Frameworks */ = {isa = PBXBuildFile; productRef = 85CB7E182A42AED800B35A4A /* Quick */; };
		85CB7E1D2A42AEF000B35A4A /* Nimble in Frameworks */ = {isa = PBXBuildFile; productRef = 85CB7E1C2A42AEF000B35A4A /* Nimble */; };
		85CB7E242A42B31100B35A4A /* movies.json in Resources */ = {isa = PBXBuildFile; fileRef = 85CB7E232A42B31100B35A4A /* movies.json */; };
		85CB7E262A42B3DF00B35A4A /* movie_603692.json in Resources */ = {isa = PBXBuildFile; fileRef = 85CB7E252A42B3DF00B35A4A /* movie_603692.json */; };
		85CB7E2B2A42B44600B35A4A /* MoviesService.swift in Sources */ = {isa = PBXBuildFile; fileRef = 85CB7E2A2A42B44600B35A4A /* MoviesService.swift */; };
		85CB7E2E2A42B49100B35A4A /* TheMovieDBService.swift in Sources */ = {isa = PBXBuildFile; fileRef = 85CB7E2D2A42B49100B35A4A /* TheMovieDBService.swift */; };
		85CB7E312A42C4CC00B35A4A /* Print+lineNumbers.swift in Sources */ = {isa = PBXBuildFile; fileRef = 85CB7E302A42C4CC00B35A4A /* Print+lineNumbers.swift */; };
		85CB7E362A42CC4000B35A4A /* TheMovieDBApi.swift in Sources */ = {isa = PBXBuildFile; fileRef = 85CB7E352A42CC4000B35A4A /* TheMovieDBApi.swift */; };
		85CB7E382A42CE9B00B35A4A /* TheMovieDB.plist in Resources */ = {isa = PBXBuildFile; fileRef = 85CB7E372A42CE9B00B35A4A /* TheMovieDB.plist */; };
		85CB7E3D2A42D6D400B35A4A /* MovieListResponse.swift in Sources */ = {isa = PBXBuildFile; fileRef = 85CB7E3C2A42D6D400B35A4A /* MovieListResponse.swift */; };
		85CB7E412A42DEC900B35A4A /* MovieSummary.swift in Sources */ = {isa = PBXBuildFile; fileRef = 85CB7E402A42DEC900B35A4A /* MovieSummary.swift */; };
		85DF88FF2A4482BB00768A40 /* RSwiftValidationTests.swift in Sources */ = {isa = PBXBuildFile; fileRef = 85DF88FE2A4482BB00768A40 /* RSwiftValidationTests.swift */; };
		85E4F7CA2A4474F90028F782 /* MovieDetailsViewModelTests.swift in Sources */ = {isa = PBXBuildFile; fileRef = 85E4F7C92A4474F90028F782 /* MovieDetailsViewModelTests.swift */; };
		85EF97BF2A43CA2C0062F091 /* MovieDetailsView.strings in Resources */ = {isa = PBXBuildFile; fileRef = 85EF97BE2A43CA2C0062F091 /* MovieDetailsView.strings */; };
		85EF97C22A43DFF50062F091 /* MovieDetailsResponse.swift in Sources */ = {isa = PBXBuildFile; fileRef = 85EF97C12A43DFF50062F091 /* MovieDetailsResponse.swift */; };
/* End PBXBuildFile section */

/* Begin PBXContainerItemProxy section */
		85CB7DE82A42A94A00B35A4A /* PBXContainerItemProxy */ = {
			isa = PBXContainerItemProxy;
			containerPortal = 85CB7DCF2A42A94900B35A4A /* Project object */;
			proxyType = 1;
			remoteGlobalIDString = 85CB7DD62A42A94900B35A4A;
			remoteInfo = movies;
		};
		85CB7DF22A42A94A00B35A4A /* PBXContainerItemProxy */ = {
			isa = PBXContainerItemProxy;
			containerPortal = 85CB7DCF2A42A94900B35A4A /* Project object */;
			proxyType = 1;
			remoteGlobalIDString = 85CB7DD62A42A94900B35A4A;
			remoteInfo = movies;
		};
/* End PBXContainerItemProxy section */

/* Begin PBXFileReference section */
		852445472A42F971001A10CF /* MovieDetailsView.swift */ = {isa = PBXFileReference; lastKnownFileType = sourcecode.swift; path = MovieDetailsView.swift; sourceTree = "<group>"; };
		852445492A42FAF3001A10CF /* MovieSummaryListItem.swift */ = {isa = PBXFileReference; lastKnownFileType = sourcecode.swift; path = MovieSummaryListItem.swift; sourceTree = "<group>"; };
		852445552A43C58A001A10CF /* MovieDetailsViewModel.swift */ = {isa = PBXFileReference; lastKnownFileType = sourcecode.swift; path = MovieDetailsViewModel.swift; sourceTree = "<group>"; };
		855A09F62A444C4A00C38B9F /* MoviesServiceMock.swift */ = {isa = PBXFileReference; lastKnownFileType = sourcecode.swift; path = MoviesServiceMock.swift; sourceTree = "<group>"; };
		855A09F82A4458A800C38B9F /* TestData.swift */ = {isa = PBXFileReference; lastKnownFileType = sourcecode.swift; path = TestData.swift; sourceTree = "<group>"; };
		85CB7DD72A42A94900B35A4A /* movies.app */ = {isa = PBXFileReference; explicitFileType = wrapper.application; includeInIndex = 0; path = movies.app; sourceTree = BUILT_PRODUCTS_DIR; };
		85CB7DDA2A42A94900B35A4A /* moviesApp.swift */ = {isa = PBXFileReference; lastKnownFileType = sourcecode.swift; path = moviesApp.swift; sourceTree = "<group>"; };
		85CB7DDC2A42A94900B35A4A /* MoviesListView.swift */ = {isa = PBXFileReference; lastKnownFileType = sourcecode.swift; path = MoviesListView.swift; sourceTree = "<group>"; };
		85CB7DDE2A42A94A00B35A4A /* Assets.xcassets */ = {isa = PBXFileReference; lastKnownFileType = folder.assetcatalog; path = Assets.xcassets; sourceTree = "<group>"; };
		85CB7DE12A42A94A00B35A4A /* Preview Assets.xcassets */ = {isa = PBXFileReference; lastKnownFileType = folder.assetcatalog; path = "Preview Assets.xcassets"; sourceTree = "<group>"; };
		85CB7DE72A42A94A00B35A4A /* moviesTests.xctest */ = {isa = PBXFileReference; explicitFileType = wrapper.cfbundle; includeInIndex = 0; path = moviesTests.xctest; sourceTree = BUILT_PRODUCTS_DIR; };
		85CB7DEB2A42A94A00B35A4A /* MoviesListViewModelTests.swift */ = {isa = PBXFileReference; lastKnownFileType = sourcecode.swift; path = MoviesListViewModelTests.swift; sourceTree = "<group>"; };
		85CB7DF12A42A94A00B35A4A /* moviesUITests.xctest */ = {isa = PBXFileReference; explicitFileType = wrapper.cfbundle; includeInIndex = 0; path = moviesUITests.xctest; sourceTree = BUILT_PRODUCTS_DIR; };
		85CB7DF52A42A94A00B35A4A /* moviesUITests.swift */ = {isa = PBXFileReference; lastKnownFileType = sourcecode.swift; path = moviesUITests.swift; sourceTree = "<group>"; };
		85CB7DF72A42A94A00B35A4A /* moviesUITestsLaunchTests.swift */ = {isa = PBXFileReference; lastKnownFileType = sourcecode.swift; path = moviesUITestsLaunchTests.swift; sourceTree = "<group>"; };
		85CB7E062A42AAED00B35A4A /* Resolver.swift */ = {isa = PBXFileReference; lastKnownFileType = sourcecode.swift; path = Resolver.swift; sourceTree = "<group>"; };
		85CB7E082A42AB0600B35A4A /* Inject.swift */ = {isa = PBXFileReference; lastKnownFileType = sourcecode.swift; path = Inject.swift; sourceTree = "<group>"; };
		85CB7E0C2A42AC5400B35A4A /* MoviesListViewModel.swift */ = {isa = PBXFileReference; lastKnownFileType = sourcecode.swift; path = MoviesListViewModel.swift; sourceTree = "<group>"; };
		85CB7E142A42AD5100B35A4A /* MoviesListView.strings */ = {isa = PBXFileReference; lastKnownFileType = text.plist.strings; path = MoviesListView.strings; sourceTree = "<group>"; };
		85CB7E232A42B31100B35A4A /* movies.json */ = {isa = PBXFileReference; lastKnownFileType = text.json; path = movies.json; sourceTree = "<group>"; };
		85CB7E252A42B3DF00B35A4A /* movie_603692.json */ = {isa = PBXFileReference; lastKnownFileType = text.json; path = movie_603692.json; sourceTree = "<group>"; };
		85CB7E2A2A42B44600B35A4A /* MoviesService.swift */ = {isa = PBXFileReference; lastKnownFileType = sourcecode.swift; path = MoviesService.swift; sourceTree = "<group>"; };
		85CB7E2D2A42B49100B35A4A /* TheMovieDBService.swift */ = {isa = PBXFileReference; lastKnownFileType = sourcecode.swift; path = TheMovieDBService.swift; sourceTree = "<group>"; };
		85CB7E302A42C4CC00B35A4A /* Print+lineNumbers.swift */ = {isa = PBXFileReference; lastKnownFileType = sourcecode.swift; path = "Print+lineNumbers.swift"; sourceTree = "<group>"; };
		85CB7E352A42CC4000B35A4A /* TheMovieDBApi.swift */ = {isa = PBXFileReference; lastKnownFileType = sourcecode.swift; path = TheMovieDBApi.swift; sourceTree = "<group>"; };
		85CB7E372A42CE9B00B35A4A /* TheMovieDB.plist */ = {isa = PBXFileReference; lastKnownFileType = text.plist.xml; path = TheMovieDB.plist; sourceTree = "<group>"; };
		85CB7E3C2A42D6D400B35A4A /* MovieListResponse.swift */ = {isa = PBXFileReference; lastKnownFileType = sourcecode.swift; path = MovieListResponse.swift; sourceTree = "<group>"; };
		85CB7E402A42DEC900B35A4A /* MovieSummary.swift */ = {isa = PBXFileReference; lastKnownFileType = sourcecode.swift; path = MovieSummary.swift; sourceTree = "<group>"; };
		85DF88FE2A4482BB00768A40 /* RSwiftValidationTests.swift */ = {isa = PBXFileReference; lastKnownFileType = sourcecode.swift; path = RSwiftValidationTests.swift; sourceTree = "<group>"; };
		85E4F7C92A4474F90028F782 /* MovieDetailsViewModelTests.swift */ = {isa = PBXFileReference; lastKnownFileType = sourcecode.swift; path = MovieDetailsViewModelTests.swift; sourceTree = "<group>"; };
		85EF97BE2A43CA2C0062F091 /* MovieDetailsView.strings */ = {isa = PBXFileReference; lastKnownFileType = text.plist.strings; path = MovieDetailsView.strings; sourceTree = "<group>"; };
		85EF97C12A43DFF50062F091 /* MovieDetailsResponse.swift */ = {isa = PBXFileReference; lastKnownFileType = sourcecode.swift; path = MovieDetailsResponse.swift; sourceTree = "<group>"; };
		85EF97C52A4438AB0062F091 /* movies.xctestplan */ = {isa = PBXFileReference; lastKnownFileType = text; path = movies.xctestplan; sourceTree = "<group>"; };
/* End PBXFileReference section */

/* Begin PBXFrameworksBuildPhase section */
		85CB7DD42A42A94900B35A4A /* Frameworks */ = {
			isa = PBXFrameworksBuildPhase;
			buildActionMask = 2147483647;
			files = (
				852445532A433B02001A10CF /* Kingfisher in Frameworks */,
				85CB7E112A42AD0B00B35A4A /* RswiftLibrary in Frameworks */,
			);
			runOnlyForDeploymentPostprocessing = 0;
		};
		85CB7DE42A42A94A00B35A4A /* Frameworks */ = {
			isa = PBXFrameworksBuildPhase;
			buildActionMask = 2147483647;
			files = (
				85CB7E192A42AED800B35A4A /* Quick in Frameworks */,
				85CB7E1D2A42AEF000B35A4A /* Nimble in Frameworks */,
			);
			runOnlyForDeploymentPostprocessing = 0;
		};
		85CB7DEE2A42A94A00B35A4A /* Frameworks */ = {
			isa = PBXFrameworksBuildPhase;
			buildActionMask = 2147483647;
			files = (
			);
			runOnlyForDeploymentPostprocessing = 0;
		};
/* End PBXFrameworksBuildPhase section */

/* Begin PBXGroup section */
		852445462A42F95A001A10CF /* MoviesDetailsView */ = {
			isa = PBXGroup;
			children = (
				852445472A42F971001A10CF /* MovieDetailsView.swift */,
				852445552A43C58A001A10CF /* MovieDetailsViewModel.swift */,
				85EF97BE2A43CA2C0062F091 /* MovieDetailsView.strings */,
			);
			path = MoviesDetailsView;
			sourceTree = "<group>";
		};
		855A09F42A444C3700C38B9F /* mocks */ = {
			isa = PBXGroup;
			children = (
				855A09F62A444C4A00C38B9F /* MoviesServiceMock.swift */,
			);
			path = mocks;
			sourceTree = "<group>";
		};
		85CB7DCE2A42A94900B35A4A = {
			isa = PBXGroup;
			children = (
				85EF97C52A4438AB0062F091 /* movies.xctestplan */,
				85CB7DD92A42A94900B35A4A /* movies */,
				85CB7DEA2A42A94A00B35A4A /* moviesTests */,
				85CB7DF42A42A94A00B35A4A /* moviesUITests */,
				85CB7DD82A42A94900B35A4A /* Products */,
				85CB7E0F2A42AD0B00B35A4A /* Frameworks */,
			);
			sourceTree = "<group>";
		};
		85CB7DD82A42A94900B35A4A /* Products */ = {
			isa = PBXGroup;
			children = (
				85CB7DD72A42A94900B35A4A /* movies.app */,
				85CB7DE72A42A94A00B35A4A /* moviesTests.xctest */,
				85CB7DF12A42A94A00B35A4A /* moviesUITests.xctest */,
			);
			name = Products;
			sourceTree = "<group>";
		};
		85CB7DD92A42A94900B35A4A /* movies */ = {
			isa = PBXGroup;
			children = (
				85CB7E272A42B43100B35A4A /* network */,
				85CB7E0A2A42AB3B00B35A4A /* screens */,
				85CB7E042A42AAD400B35A4A /* util */,
				85CB7DDA2A42A94900B35A4A /* moviesApp.swift */,
				85CB7DDE2A42A94A00B35A4A /* Assets.xcassets */,
				85CB7DE02A42A94A00B35A4A /* Preview Content */,
			);
			path = movies;
			sourceTree = "<group>";
		};
		85CB7DE02A42A94A00B35A4A /* Preview Content */ = {
			isa = PBXGroup;
			children = (
				85CB7DE12A42A94A00B35A4A /* Preview Assets.xcassets */,
			);
			path = "Preview Content";
			sourceTree = "<group>";
		};
		85CB7DEA2A42A94A00B35A4A /* moviesTests */ = {
			isa = PBXGroup;
			children = (
				855A09F42A444C3700C38B9F /* mocks */,
				85CB7E222A42B30500B35A4A /* data */,
				85CB7DEB2A42A94A00B35A4A /* MoviesListViewModelTests.swift */,
				85E4F7C92A4474F90028F782 /* MovieDetailsViewModelTests.swift */,
				85DF88FE2A4482BB00768A40 /* RSwiftValidationTests.swift */,
			);
			path = moviesTests;
			sourceTree = "<group>";
		};
		85CB7DF42A42A94A00B35A4A /* moviesUITests */ = {
			isa = PBXGroup;
			children = (
				85CB7DF52A42A94A00B35A4A /* moviesUITests.swift */,
				85CB7DF72A42A94A00B35A4A /* moviesUITestsLaunchTests.swift */,
			);
			path = moviesUITests;
			sourceTree = "<group>";
		};
		85CB7E042A42AAD400B35A4A /* util */ = {
			isa = PBXGroup;
			children = (
				85CB7E052A42AADE00B35A4A /* injection */,
				85CB7E302A42C4CC00B35A4A /* Print+lineNumbers.swift */,
			);
			path = util;
			sourceTree = "<group>";
		};
		85CB7E052A42AADE00B35A4A /* injection */ = {
			isa = PBXGroup;
			children = (
				85CB7E062A42AAED00B35A4A /* Resolver.swift */,
				85CB7E082A42AB0600B35A4A /* Inject.swift */,
			);
			path = injection;
			sourceTree = "<group>";
		};
		85CB7E0A2A42AB3B00B35A4A /* screens */ = {
			isa = PBXGroup;
			children = (
				852445462A42F95A001A10CF /* MoviesDetailsView */,
				85CB7E0B2A42AB4200B35A4A /* MoviesListView */,
			);
			path = screens;
			sourceTree = "<group>";
		};
		85CB7E0B2A42AB4200B35A4A /* MoviesListView */ = {
			isa = PBXGroup;
			children = (
				85CB7DDC2A42A94900B35A4A /* MoviesListView.swift */,
				85CB7E0C2A42AC5400B35A4A /* MoviesListViewModel.swift */,
				85CB7E142A42AD5100B35A4A /* MoviesListView.strings */,
				852445492A42FAF3001A10CF /* MovieSummaryListItem.swift */,
			);
			path = MoviesListView;
			sourceTree = "<group>";
		};
		85CB7E0F2A42AD0B00B35A4A /* Frameworks */ = {
			isa = PBXGroup;
			children = (
			);
			name = Frameworks;
			sourceTree = "<group>";
		};
		85CB7E222A42B30500B35A4A /* data */ = {
			isa = PBXGroup;
			children = (
				85CB7E232A42B31100B35A4A /* movies.json */,
				85CB7E252A42B3DF00B35A4A /* movie_603692.json */,
				855A09F82A4458A800C38B9F /* TestData.swift */,
			);
			path = data;
			sourceTree = "<group>";
		};
		85CB7E272A42B43100B35A4A /* network */ = {
			isa = PBXGroup;
			children = (
				85CB7E2A2A42B44600B35A4A /* MoviesService.swift */,
				85CB7E332A42CC3200B35A4A /* TheMovieDB */,
			);
			path = network;
			sourceTree = "<group>";
		};
		85CB7E332A42CC3200B35A4A /* TheMovieDB */ = {
			isa = PBXGroup;
			children = (
				85CB7E3B2A42D6B200B35A4A /* Models */,
				85CB7E2D2A42B49100B35A4A /* TheMovieDBService.swift */,
				85CB7E352A42CC4000B35A4A /* TheMovieDBApi.swift */,
				85CB7E372A42CE9B00B35A4A /* TheMovieDB.plist */,
			);
			path = TheMovieDB;
			sourceTree = "<group>";
		};
		85CB7E3B2A42D6B200B35A4A /* Models */ = {
			isa = PBXGroup;
			children = (
				85CB7E3C2A42D6D400B35A4A /* MovieListResponse.swift */,
				85EF97C12A43DFF50062F091 /* MovieDetailsResponse.swift */,
				85CB7E402A42DEC900B35A4A /* MovieSummary.swift */,
			);
			path = Models;
			sourceTree = "<group>";
		};
/* End PBXGroup section */

/* Begin PBXNativeTarget section */
		85CB7DD62A42A94900B35A4A /* movies */ = {
			isa = PBXNativeTarget;
			buildConfigurationList = 85CB7DFB2A42A94A00B35A4A /* Build configuration list for PBXNativeTarget "movies" */;
			buildPhases = (
				85CB7DD32A42A94900B35A4A /* Sources */,
				85CB7DD42A42A94900B35A4A /* Frameworks */,
				85CB7DD52A42A94900B35A4A /* Resources */,
			);
			buildRules = (
			);
			dependencies = (
				85CB7E132A42AD1900B35A4A /* PBXTargetDependency */,
			);
			name = movies;
			packageProductDependencies = (
				85CB7E102A42AD0B00B35A4A /* RswiftLibrary */,
				852445522A433B02001A10CF /* Kingfisher */,
			);
			productName = movies;
			productReference = 85CB7DD72A42A94900B35A4A /* movies.app */;
			productType = "com.apple.product-type.application";
		};
		85CB7DE62A42A94A00B35A4A /* moviesTests */ = {
			isa = PBXNativeTarget;
			buildConfigurationList = 85CB7DFE2A42A94A00B35A4A /* Build configuration list for PBXNativeTarget "moviesTests" */;
			buildPhases = (
				85CB7DE32A42A94A00B35A4A /* Sources */,
				85CB7DE42A42A94A00B35A4A /* Frameworks */,
				85CB7DE52A42A94A00B35A4A /* Resources */,
			);
			buildRules = (
			);
			dependencies = (
				855A09FC2A44591100C38B9F /* PBXTargetDependency */,
				85CB7DE92A42A94A00B35A4A /* PBXTargetDependency */,
			);
			name = moviesTests;
			packageProductDependencies = (
				85CB7E182A42AED800B35A4A /* Quick */,
				85CB7E1C2A42AEF000B35A4A /* Nimble */,
			);
			productName = moviesTests;
			productReference = 85CB7DE72A42A94A00B35A4A /* moviesTests.xctest */;
			productType = "com.apple.product-type.bundle.unit-test";
		};
		85CB7DF02A42A94A00B35A4A /* moviesUITests */ = {
			isa = PBXNativeTarget;
			buildConfigurationList = 85CB7E012A42A94A00B35A4A /* Build configuration list for PBXNativeTarget "moviesUITests" */;
			buildPhases = (
				85CB7DED2A42A94A00B35A4A /* Sources */,
				85CB7DEE2A42A94A00B35A4A /* Frameworks */,
				85CB7DEF2A42A94A00B35A4A /* Resources */,
			);
			buildRules = (
			);
			dependencies = (
				85CB7DF32A42A94A00B35A4A /* PBXTargetDependency */,
			);
			name = moviesUITests;
			productName = moviesUITests;
			productReference = 85CB7DF12A42A94A00B35A4A /* moviesUITests.xctest */;
			productType = "com.apple.product-type.bundle.ui-testing";
		};
/* End PBXNativeTarget section */

/* Begin PBXProject section */
		85CB7DCF2A42A94900B35A4A /* Project object */ = {
			isa = PBXProject;
			attributes = {
				BuildIndependentTargetsInParallel = 1;
				LastSwiftUpdateCheck = 1430;
				LastUpgradeCheck = 1430;
				TargetAttributes = {
					85CB7DD62A42A94900B35A4A = {
						CreatedOnToolsVersion = 14.3.1;
					};
					85CB7DE62A42A94A00B35A4A = {
						CreatedOnToolsVersion = 14.3.1;
						TestTargetID = 85CB7DD62A42A94900B35A4A;
					};
					85CB7DF02A42A94A00B35A4A = {
						CreatedOnToolsVersion = 14.3.1;
						TestTargetID = 85CB7DD62A42A94900B35A4A;
					};
				};
			};
			buildConfigurationList = 85CB7DD22A42A94900B35A4A /* Build configuration list for PBXProject "movies" */;
			compatibilityVersion = "Xcode 14.0";
			developmentRegion = en;
			hasScannedForEncodings = 0;
			knownRegions = (
				en,
				Base,
			);
			mainGroup = 85CB7DCE2A42A94900B35A4A;
			packageReferences = (
				85CB7E0E2A42ACF700B35A4A /* XCRemoteSwiftPackageReference "R" */,
				85CB7E172A42AED800B35A4A /* XCRemoteSwiftPackageReference "Quick" */,
				85CB7E1B2A42AEF000B35A4A /* XCRemoteSwiftPackageReference "nimble" */,
				852445512A433B02001A10CF /* XCRemoteSwiftPackageReference "Kingfisher" */,
			);
			productRefGroup = 85CB7DD82A42A94900B35A4A /* Products */;
			projectDirPath = "";
			projectRoot = "";
			targets = (
				85CB7DD62A42A94900B35A4A /* movies */,
				85CB7DE62A42A94A00B35A4A /* moviesTests */,
				85CB7DF02A42A94A00B35A4A /* moviesUITests */,
			);
		};
/* End PBXProject section */

/* Begin PBXResourcesBuildPhase section */
		85CB7DD52A42A94900B35A4A /* Resources */ = {
			isa = PBXResourcesBuildPhase;
			buildActionMask = 2147483647;
			files = (
				85EF97BF2A43CA2C0062F091 /* MovieDetailsView.strings in Resources */,
				85CB7DE22A42A94A00B35A4A /* Preview Assets.xcassets in Resources */,
				85CB7E152A42AD5100B35A4A /* MoviesListView.strings in Resources */,
				85CB7E382A42CE9B00B35A4A /* TheMovieDB.plist in Resources */,
				85CB7DDF2A42A94A00B35A4A /* Assets.xcassets in Resources */,
			);
			runOnlyForDeploymentPostprocessing = 0;
		};
		85CB7DE52A42A94A00B35A4A /* Resources */ = {
			isa = PBXResourcesBuildPhase;
			buildActionMask = 2147483647;
			files = (
				85CB7E262A42B3DF00B35A4A /* movie_603692.json in Resources */,
				85CB7E242A42B31100B35A4A /* movies.json in Resources */,
			);
			runOnlyForDeploymentPostprocessing = 0;
		};
		85CB7DEF2A42A94A00B35A4A /* Resources */ = {
			isa = PBXResourcesBuildPhase;
			buildActionMask = 2147483647;
			files = (
			);
			runOnlyForDeploymentPostprocessing = 0;
		};
/* End PBXResourcesBuildPhase section */

/* Begin PBXSourcesBuildPhase section */
		85CB7DD32A42A94900B35A4A /* Sources */ = {
			isa = PBXSourcesBuildPhase;
			buildActionMask = 2147483647;
			files = (
				85EF97C22A43DFF50062F091 /* MovieDetailsResponse.swift in Sources */,
				852445562A43C58A001A10CF /* MovieDetailsViewModel.swift in Sources */,
				8524454A2A42FAF3001A10CF /* MovieSummaryListItem.swift in Sources */,
				85CB7E092A42AB0600B35A4A /* Inject.swift in Sources */,
				85CB7E362A42CC4000B35A4A /* TheMovieDBApi.swift in Sources */,
				85CB7E072A42AAED00B35A4A /* Resolver.swift in Sources */,
				85CB7E2B2A42B44600B35A4A /* MoviesService.swift in Sources */,
				85CB7DDD2A42A94900B35A4A /* MoviesListView.swift in Sources */,
				85CB7E2E2A42B49100B35A4A /* TheMovieDBService.swift in Sources */,
				852445482A42F971001A10CF /* MovieDetailsView.swift in Sources */,
				85CB7DDB2A42A94900B35A4A /* moviesApp.swift in Sources */,
				85CB7E3D2A42D6D400B35A4A /* MovieListResponse.swift in Sources */,
				85CB7E312A42C4CC00B35A4A /* Print+lineNumbers.swift in Sources */,
				85CB7E0D2A42AC5400B35A4A /* MoviesListViewModel.swift in Sources */,
				85CB7E412A42DEC900B35A4A /* MovieSummary.swift in Sources */,
			);
			runOnlyForDeploymentPostprocessing = 0;
		};
		85CB7DE32A42A94A00B35A4A /* Sources */ = {
			isa = PBXSourcesBuildPhase;
			buildActionMask = 2147483647;
			files = (
				85E4F7CA2A4474F90028F782 /* MovieDetailsViewModelTests.swift in Sources */,
				855A09F72A444C4A00C38B9F /* MoviesServiceMock.swift in Sources */,
				85DF88FF2A4482BB00768A40 /* RSwiftValidationTests.swift in Sources */,
				855A09F92A4458A800C38B9F /* TestData.swift in Sources */,
				85CB7DEC2A42A94A00B35A4A /* MoviesListViewModelTests.swift in Sources */,
			);
			runOnlyForDeploymentPostprocessing = 0;
		};
		85CB7DED2A42A94A00B35A4A /* Sources */ = {
			isa = PBXSourcesBuildPhase;
			buildActionMask = 2147483647;
			files = (
				85CB7DF62A42A94A00B35A4A /* moviesUITests.swift in Sources */,
				85CB7DF82A42A94A00B35A4A /* moviesUITestsLaunchTests.swift in Sources */,
			);
			runOnlyForDeploymentPostprocessing = 0;
		};
/* End PBXSourcesBuildPhase section */

/* Begin PBXTargetDependency section */
		855A09FC2A44591100C38B9F /* PBXTargetDependency */ = {
			isa = PBXTargetDependency;
			productRef = 855A09FB2A44591100C38B9F /* RswiftGenerateInternalResources */;
		};
		85CB7DE92A42A94A00B35A4A /* PBXTargetDependency */ = {
			isa = PBXTargetDependency;
			target = 85CB7DD62A42A94900B35A4A /* movies */;
			targetProxy = 85CB7DE82A42A94A00B35A4A /* PBXContainerItemProxy */;
		};
		85CB7DF32A42A94A00B35A4A /* PBXTargetDependency */ = {
			isa = PBXTargetDependency;
			target = 85CB7DD62A42A94900B35A4A /* movies */;
			targetProxy = 85CB7DF22A42A94A00B35A4A /* PBXContainerItemProxy */;
		};
		85CB7E132A42AD1900B35A4A /* PBXTargetDependency */ = {
			isa = PBXTargetDependency;
			productRef = 85CB7E122A42AD1900B35A4A /* RswiftGenerateInternalResources */;
		};
/* End PBXTargetDependency section */

/* Begin XCBuildConfiguration section */
		85CB7DF92A42A94A00B35A4A /* Debug */ = {
			isa = XCBuildConfiguration;
			buildSettings = {
				ALWAYS_SEARCH_USER_PATHS = NO;
				CLANG_ANALYZER_NONNULL = YES;
				CLANG_ANALYZER_NUMBER_OBJECT_CONVERSION = YES_AGGRESSIVE;
				CLANG_CXX_LANGUAGE_STANDARD = "gnu++20";
				CLANG_ENABLE_MODULES = YES;
				CLANG_ENABLE_OBJC_ARC = YES;
				CLANG_ENABLE_OBJC_WEAK = YES;
				CLANG_WARN_BLOCK_CAPTURE_AUTORELEASING = YES;
				CLANG_WARN_BOOL_CONVERSION = YES;
				CLANG_WARN_COMMA = YES;
				CLANG_WARN_CONSTANT_CONVERSION = YES;
				CLANG_WARN_DEPRECATED_OBJC_IMPLEMENTATIONS = YES;
				CLANG_WARN_DIRECT_OBJC_ISA_USAGE = YES_ERROR;
				CLANG_WARN_DOCUMENTATION_COMMENTS = YES;
				CLANG_WARN_EMPTY_BODY = YES;
				CLANG_WARN_ENUM_CONVERSION = YES;
				CLANG_WARN_INFINITE_RECURSION = YES;
				CLANG_WARN_INT_CONVERSION = YES;
				CLANG_WARN_NON_LITERAL_NULL_CONVERSION = YES;
				CLANG_WARN_OBJC_IMPLICIT_RETAIN_SELF = YES;
				CLANG_WARN_OBJC_LITERAL_CONVERSION = YES;
				CLANG_WARN_OBJC_ROOT_CLASS = YES_ERROR;
				CLANG_WARN_QUOTED_INCLUDE_IN_FRAMEWORK_HEADER = YES;
				CLANG_WARN_RANGE_LOOP_ANALYSIS = YES;
				CLANG_WARN_STRICT_PROTOTYPES = YES;
				CLANG_WARN_SUSPICIOUS_MOVE = YES;
				CLANG_WARN_UNGUARDED_AVAILABILITY = YES_AGGRESSIVE;
				CLANG_WARN_UNREACHABLE_CODE = YES;
				CLANG_WARN__DUPLICATE_METHOD_MATCH = YES;
				COPY_PHASE_STRIP = NO;
				DEBUG_INFORMATION_FORMAT = dwarf;
				ENABLE_STRICT_OBJC_MSGSEND = YES;
				ENABLE_TESTABILITY = YES;
				GCC_C_LANGUAGE_STANDARD = gnu11;
				GCC_DYNAMIC_NO_PIC = NO;
				GCC_NO_COMMON_BLOCKS = YES;
				GCC_OPTIMIZATION_LEVEL = 0;
				GCC_PREPROCESSOR_DEFINITIONS = (
					"DEBUG=1",
					"$(inherited)",
				);
				GCC_WARN_64_TO_32_BIT_CONVERSION = YES;
				GCC_WARN_ABOUT_RETURN_TYPE = YES_ERROR;
				GCC_WARN_UNDECLARED_SELECTOR = YES;
				GCC_WARN_UNINITIALIZED_AUTOS = YES_AGGRESSIVE;
				GCC_WARN_UNUSED_FUNCTION = YES;
				GCC_WARN_UNUSED_VARIABLE = YES;
				IPHONEOS_DEPLOYMENT_TARGET = 16.4;
				MTL_ENABLE_DEBUG_INFO = INCLUDE_SOURCE;
				MTL_FAST_MATH = YES;
				ONLY_ACTIVE_ARCH = YES;
				SDKROOT = iphoneos;
				SWIFT_ACTIVE_COMPILATION_CONDITIONS = DEBUG;
				SWIFT_OPTIMIZATION_LEVEL = "-Onone";
			};
			name = Debug;
		};
		85CB7DFA2A42A94A00B35A4A /* Release */ = {
			isa = XCBuildConfiguration;
			buildSettings = {
				ALWAYS_SEARCH_USER_PATHS = NO;
				CLANG_ANALYZER_NONNULL = YES;
				CLANG_ANALYZER_NUMBER_OBJECT_CONVERSION = YES_AGGRESSIVE;
				CLANG_CXX_LANGUAGE_STANDARD = "gnu++20";
				CLANG_ENABLE_MODULES = YES;
				CLANG_ENABLE_OBJC_ARC = YES;
				CLANG_ENABLE_OBJC_WEAK = YES;
				CLANG_WARN_BLOCK_CAPTURE_AUTORELEASING = YES;
				CLANG_WARN_BOOL_CONVERSION = YES;
				CLANG_WARN_COMMA = YES;
				CLANG_WARN_CONSTANT_CONVERSION = YES;
				CLANG_WARN_DEPRECATED_OBJC_IMPLEMENTATIONS = YES;
				CLANG_WARN_DIRECT_OBJC_ISA_USAGE = YES_ERROR;
				CLANG_WARN_DOCUMENTATION_COMMENTS = YES;
				CLANG_WARN_EMPTY_BODY = YES;
				CLANG_WARN_ENUM_CONVERSION = YES;
				CLANG_WARN_INFINITE_RECURSION = YES;
				CLANG_WARN_INT_CONVERSION = YES;
				CLANG_WARN_NON_LITERAL_NULL_CONVERSION = YES;
				CLANG_WARN_OBJC_IMPLICIT_RETAIN_SELF = YES;
				CLANG_WARN_OBJC_LITERAL_CONVERSION = YES;
				CLANG_WARN_OBJC_ROOT_CLASS = YES_ERROR;
				CLANG_WARN_QUOTED_INCLUDE_IN_FRAMEWORK_HEADER = YES;
				CLANG_WARN_RANGE_LOOP_ANALYSIS = YES;
				CLANG_WARN_STRICT_PROTOTYPES = YES;
				CLANG_WARN_SUSPICIOUS_MOVE = YES;
				CLANG_WARN_UNGUARDED_AVAILABILITY = YES_AGGRESSIVE;
				CLANG_WARN_UNREACHABLE_CODE = YES;
				CLANG_WARN__DUPLICATE_METHOD_MATCH = YES;
				COPY_PHASE_STRIP = NO;
				DEBUG_INFORMATION_FORMAT = "dwarf-with-dsym";
				ENABLE_NS_ASSERTIONS = NO;
				ENABLE_STRICT_OBJC_MSGSEND = YES;
				GCC_C_LANGUAGE_STANDARD = gnu11;
				GCC_NO_COMMON_BLOCKS = YES;
				GCC_WARN_64_TO_32_BIT_CONVERSION = YES;
				GCC_WARN_ABOUT_RETURN_TYPE = YES_ERROR;
				GCC_WARN_UNDECLARED_SELECTOR = YES;
				GCC_WARN_UNINITIALIZED_AUTOS = YES_AGGRESSIVE;
				GCC_WARN_UNUSED_FUNCTION = YES;
				GCC_WARN_UNUSED_VARIABLE = YES;
				IPHONEOS_DEPLOYMENT_TARGET = 16.4;
				MTL_ENABLE_DEBUG_INFO = NO;
				MTL_FAST_MATH = YES;
				SDKROOT = iphoneos;
				SWIFT_COMPILATION_MODE = wholemodule;
				SWIFT_OPTIMIZATION_LEVEL = "-O";
				VALIDATE_PRODUCT = YES;
			};
			name = Release;
		};
		85CB7DFC2A42A94A00B35A4A /* Debug */ = {
			isa = XCBuildConfiguration;
			buildSettings = {
				ASSETCATALOG_COMPILER_APPICON_NAME = AppIcon;
				ASSETCATALOG_COMPILER_GLOBAL_ACCENT_COLOR_NAME = AccentColor;
				CODE_SIGN_STYLE = Automatic;
				CURRENT_PROJECT_VERSION = 1;
				DEVELOPMENT_ASSET_PATHS = "\"movies/Preview Content\"";
				DEVELOPMENT_TEAM = A5SB3DZ83M;
				ENABLE_PREVIEWS = YES;
				GENERATE_INFOPLIST_FILE = YES;
				INFOPLIST_KEY_UIApplicationSceneManifest_Generation = YES;
				INFOPLIST_KEY_UIApplicationSupportsIndirectInputEvents = YES;
				INFOPLIST_KEY_UILaunchScreen_Generation = YES;
				INFOPLIST_KEY_UISupportedInterfaceOrientations_iPad = "UIInterfaceOrientationPortrait UIInterfaceOrientationPortraitUpsideDown UIInterfaceOrientationLandscapeLeft UIInterfaceOrientationLandscapeRight";
				INFOPLIST_KEY_UISupportedInterfaceOrientations_iPhone = "UIInterfaceOrientationPortrait UIInterfaceOrientationLandscapeLeft UIInterfaceOrientationLandscapeRight";
				LD_RUNPATH_SEARCH_PATHS = (
					"$(inherited)",
					"@executable_path/Frameworks",
				);
				MARKETING_VERSION = 1.0;
				PRODUCT_BUNDLE_IDENTIFIER = com.sushant.movies;
				PRODUCT_NAME = "$(TARGET_NAME)";
				SWIFT_EMIT_LOC_STRINGS = YES;
				SWIFT_VERSION = 5.0;
				TARGETED_DEVICE_FAMILY = "1,2";
			};
			name = Debug;
		};
		85CB7DFD2A42A94A00B35A4A /* Release */ = {
			isa = XCBuildConfiguration;
			buildSettings = {
				ASSETCATALOG_COMPILER_APPICON_NAME = AppIcon;
				ASSETCATALOG_COMPILER_GLOBAL_ACCENT_COLOR_NAME = AccentColor;
				CODE_SIGN_STYLE = Automatic;
				CURRENT_PROJECT_VERSION = 1;
				DEVELOPMENT_ASSET_PATHS = "\"movies/Preview Content\"";
				DEVELOPMENT_TEAM = A5SB3DZ83M;
				ENABLE_PREVIEWS = YES;
				GENERATE_INFOPLIST_FILE = YES;
				INFOPLIST_KEY_UIApplicationSceneManifest_Generation = YES;
				INFOPLIST_KEY_UIApplicationSupportsIndirectInputEvents = YES;
				INFOPLIST_KEY_UILaunchScreen_Generation = YES;
				INFOPLIST_KEY_UISupportedInterfaceOrientations_iPad = "UIInterfaceOrientationPortrait UIInterfaceOrientationPortraitUpsideDown UIInterfaceOrientationLandscapeLeft UIInterfaceOrientationLandscapeRight";
				INFOPLIST_KEY_UISupportedInterfaceOrientations_iPhone = "UIInterfaceOrientationPortrait UIInterfaceOrientationLandscapeLeft UIInterfaceOrientationLandscapeRight";
				LD_RUNPATH_SEARCH_PATHS = (
					"$(inherited)",
					"@executable_path/Frameworks",
				);
				MARKETING_VERSION = 1.0;
				PRODUCT_BUNDLE_IDENTIFIER = com.sushant.movies;
				PRODUCT_NAME = "$(TARGET_NAME)";
				SWIFT_EMIT_LOC_STRINGS = YES;
				SWIFT_VERSION = 5.0;
				TARGETED_DEVICE_FAMILY = "1,2";
			};
			name = Release;
		};
		85CB7DFF2A42A94A00B35A4A /* Debug */ = {
			isa = XCBuildConfiguration;
			buildSettings = {
				ALWAYS_EMBED_SWIFT_STANDARD_LIBRARIES = YES;
				BUNDLE_LOADER = "$(TEST_HOST)";
				CODE_SIGN_STYLE = Automatic;
				CURRENT_PROJECT_VERSION = 1;
				DEVELOPMENT_TEAM = A5SB3DZ83M;
				GENERATE_INFOPLIST_FILE = YES;
				IPHONEOS_DEPLOYMENT_TARGET = 16.4;
				MARKETING_VERSION = 1.0;
				PRODUCT_BUNDLE_IDENTIFIER = com.sushant.moviesTests;
				PRODUCT_NAME = "$(TARGET_NAME)";
				SWIFT_EMIT_LOC_STRINGS = NO;
				SWIFT_VERSION = 5.0;
				TARGETED_DEVICE_FAMILY = "1,2";
				TEST_HOST = "$(BUILT_PRODUCTS_DIR)/movies.app/$(BUNDLE_EXECUTABLE_FOLDER_PATH)/movies";
			};
			name = Debug;
		};
		85CB7E002A42A94A00B35A4A /* Release */ = {
			isa = XCBuildConfiguration;
			buildSettings = {
				ALWAYS_EMBED_SWIFT_STANDARD_LIBRARIES = YES;
				BUNDLE_LOADER = "$(TEST_HOST)";
				CODE_SIGN_STYLE = Automatic;
				CURRENT_PROJECT_VERSION = 1;
				DEVELOPMENT_TEAM = A5SB3DZ83M;
				GENERATE_INFOPLIST_FILE = YES;
				IPHONEOS_DEPLOYMENT_TARGET = 16.4;
				MARKETING_VERSION = 1.0;
				PRODUCT_BUNDLE_IDENTIFIER = com.sushant.moviesTests;
				PRODUCT_NAME = "$(TARGET_NAME)";
				SWIFT_EMIT_LOC_STRINGS = NO;
				SWIFT_VERSION = 5.0;
				TARGETED_DEVICE_FAMILY = "1,2";
				TEST_HOST = "$(BUILT_PRODUCTS_DIR)/movies.app/$(BUNDLE_EXECUTABLE_FOLDER_PATH)/movies";
			};
			name = Release;
		};
		85CB7E022A42A94A00B35A4A /* Debug */ = {
			isa = XCBuildConfiguration;
			buildSettings = {
				ALWAYS_EMBED_SWIFT_STANDARD_LIBRARIES = YES;
				CODE_SIGN_STYLE = Automatic;
				CURRENT_PROJECT_VERSION = 1;
				DEVELOPMENT_TEAM = A5SB3DZ83M;
				GENERATE_INFOPLIST_FILE = YES;
				MARKETING_VERSION = 1.0;
				PRODUCT_BUNDLE_IDENTIFIER = com.sushant.moviesUITests;
				PRODUCT_NAME = "$(TARGET_NAME)";
				SWIFT_EMIT_LOC_STRINGS = NO;
				SWIFT_VERSION = 5.0;
				TARGETED_DEVICE_FAMILY = "1,2";
				TEST_TARGET_NAME = movies;
			};
			name = Debug;
		};
		85CB7E032A42A94A00B35A4A /* Release */ = {
			isa = XCBuildConfiguration;
			buildSettings = {
				ALWAYS_EMBED_SWIFT_STANDARD_LIBRARIES = YES;
				CODE_SIGN_STYLE = Automatic;
				CURRENT_PROJECT_VERSION = 1;
				DEVELOPMENT_TEAM = A5SB3DZ83M;
				GENERATE_INFOPLIST_FILE = YES;
				MARKETING_VERSION = 1.0;
				PRODUCT_BUNDLE_IDENTIFIER = com.sushant.moviesUITests;
				PRODUCT_NAME = "$(TARGET_NAME)";
				SWIFT_EMIT_LOC_STRINGS = NO;
				SWIFT_VERSION = 5.0;
				TARGETED_DEVICE_FAMILY = "1,2";
				TEST_TARGET_NAME = movies;
			};
			name = Release;
		};
/* End XCBuildConfiguration section */

/* Begin XCConfigurationList section */
		85CB7DD22A42A94900B35A4A /* Build configuration list for PBXProject "movies" */ = {
			isa = XCConfigurationList;
			buildConfigurations = (
				85CB7DF92A42A94A00B35A4A /* Debug */,
				85CB7DFA2A42A94A00B35A4A /* Release */,
			);
			defaultConfigurationIsVisible = 0;
			defaultConfigurationName = Release;
		};
		85CB7DFB2A42A94A00B35A4A /* Build configuration list for PBXNativeTarget "movies" */ = {
			isa = XCConfigurationList;
			buildConfigurations = (
				85CB7DFC2A42A94A00B35A4A /* Debug */,
				85CB7DFD2A42A94A00B35A4A /* Release */,
			);
			defaultConfigurationIsVisible = 0;
			defaultConfigurationName = Release;
		};
		85CB7DFE2A42A94A00B35A4A /* Build configuration list for PBXNativeTarget "moviesTests" */ = {
			isa = XCConfigurationList;
			buildConfigurations = (
				85CB7DFF2A42A94A00B35A4A /* Debug */,
				85CB7E002A42A94A00B35A4A /* Release */,
			);
			defaultConfigurationIsVisible = 0;
			defaultConfigurationName = Release;
		};
		85CB7E012A42A94A00B35A4A /* Build configuration list for PBXNativeTarget "moviesUITests" */ = {
			isa = XCConfigurationList;
			buildConfigurations = (
				85CB7E022A42A94A00B35A4A /* Debug */,
				85CB7E032A42A94A00B35A4A /* Release */,
			);
			defaultConfigurationIsVisible = 0;
			defaultConfigurationName = Release;
		};
/* End XCConfigurationList section */

/* Begin XCRemoteSwiftPackageReference section */
		852445512A433B02001A10CF /* XCRemoteSwiftPackageReference "Kingfisher" */ = {
			isa = XCRemoteSwiftPackageReference;
			repositoryURL = "https://github.com/onevcat/Kingfisher";
			requirement = {
				kind = upToNextMajorVersion;
				minimumVersion = 7.0.0;
			};
		};
		85CB7E0E2A42ACF700B35A4A /* XCRemoteSwiftPackageReference "R" */ = {
			isa = XCRemoteSwiftPackageReference;
			repositoryURL = "https://github.com/mac-cain13/R.swift";
			requirement = {
				kind = upToNextMajorVersion;
				minimumVersion = 7.0.0;
			};
		};
		85CB7E172A42AED800B35A4A /* XCRemoteSwiftPackageReference "Quick" */ = {
			isa = XCRemoteSwiftPackageReference;
			repositoryURL = "https://github.com/Quick/Quick";
			requirement = {
				branch = main;
				kind = branch;
			};
		};
		85CB7E1B2A42AEF000B35A4A /* XCRemoteSwiftPackageReference "nimble" */ = {
			isa = XCRemoteSwiftPackageReference;
			repositoryURL = "https://github.com/Quick/nimble";
			requirement = {
				branch = main;
				kind = branch;
			};
		};
/* End XCRemoteSwiftPackageReference section */

/* Begin XCSwiftPackageProductDependency section */
		852445522A433B02001A10CF /* Kingfisher */ = {
			isa = XCSwiftPackageProductDependency;
			package = 852445512A433B02001A10CF /* XCRemoteSwiftPackageReference "Kingfisher" */;
			productName = Kingfisher;
		};
		855A09FB2A44591100C38B9F /* RswiftGenerateInternalResources */ = {
			isa = XCSwiftPackageProductDependency;
			productName = "plugin:RswiftGenerateInternalResources";
		};
		85CB7E102A42AD0B00B35A4A /* RswiftLibrary */ = {
			isa = XCSwiftPackageProductDependency;
			package = 85CB7E0E2A42ACF700B35A4A /* XCRemoteSwiftPackageReference "R" */;
			productName = RswiftLibrary;
		};
		85CB7E122A42AD1900B35A4A /* RswiftGenerateInternalResources */ = {
			isa = XCSwiftPackageProductDependency;
			productName = "plugin:RswiftGenerateInternalResources";
		};
		85CB7E182A42AED800B35A4A /* Quick */ = {
			isa = XCSwiftPackageProductDependency;
			package = 85CB7E172A42AED800B35A4A /* XCRemoteSwiftPackageReference "Quick" */;
			productName = Quick;
		};
		85CB7E1C2A42AEF000B35A4A /* Nimble */ = {
			isa = XCSwiftPackageProductDependency;
			package = 85CB7E1B2A42AEF000B35A4A /* XCRemoteSwiftPackageReference "nimble" */;
			productName = Nimble;
		};
/* End XCSwiftPackageProductDependency section */
	};
	rootObject = 85CB7DCF2A42A94900B35A4A /* Project object */;
}
